github.com/Velocidex/json v0.0.0-20220224052537-92f3c0326e5a h1:AeXPUzhU0yhID/v5JJEIkjaE85ASe+Vh4Kuv1RSLL+4=
github.com/Velocidex/ordereddict v0.0.0-20220411103415-79032cf99b1d h1:XnifmnLRjinjYzZgbog7LQr2XbmEFI81kuiufpn+JUQ=
github.com/Velocidex/yaml/v2 v2.2.8 h1:GUrSy4SBJ6RjGt43k6MeBKtw2z/27gh4A3hfFmFY3No=
github.com/alessio/shellescape v1.4.1/go.mod h1:PZAiSCk0LJaZkiCSkPv8qIobYglO3FPpyFjDCtHLS30=
github.com/bobesa/go-domain-util v0.0.0-20190911083921-4033b5f7dd89 h1:2pkAuIM8OF1fy4ToFpMnI4oE+VeUNRbGrpSLKshK0oQ=
github.com/bobesa/go-domain-util v0.0.0-20190911083921-4033b5f7dd89/go.mod h1:/09nEjna1UMoasyyQDhOrIn8hi2v2kiJglPWed1idck=
github.com/danieljoos/wincred v1.1.0/go.mod h1:XYlo+eRTsVA9aHGp7NGjFkPla4m+DCL7hqDjlFjiygg=
github.com/davecgh/go-spew v1.1.0/go.mod h1:J7Y8YcW2NihsgmVo/mv3lAwl/skON4iLHjSsI+c5H38=
github.com/davecgh/go-spew v1.1.1 h1:vj9j/u1bqnvCEfJOwUhtlOARqs3+rkHYY13jYWTU97c=
github.com/davecgh/go-spew v1.1.1/go.mod h1:J7Y8YcW2NihsgmVo/mv3lAwl/skON4iLHjSsI+c5H38=
github.com/gen2brain/beeep v0.0.0-20230907135156-1a38885a97fc h1:NNgdMgPX3j33uEAoVVxNxillDPnxT0xbGv8uh4CKIAo=
github.com/gen2brain/beeep v0.0.0-20230907135156-1a38885a97fc/go.mod h1:0W7dI87PvXJ1Sjs0QPvWXKcQmNERY77e8l7GFhZB/s4=
github.com/getlantern/context v0.0.0-20190109183933-c447772a6520 h1:NRUJuo3v3WGC/g5YiyF790gut6oQr5f3FBI88Wv0dx4=
github.com/getlantern/context v0.0.0-20190109183933-c447772a6520/go.mod h1:L+mq6/vvYHKjCX2oez0CgEAJmbq1fbb/oNJIWQkBybY=
github.com/getlantern/errors v0.0.0-20190325191628-abdb3e3e36f7 h1:6uJ+sZ/e03gkbqZ0kUG6mfKoqDb4XMAzMIwlajq19So=
github.com/getlantern/errors v0.0.0-20190325191628-abdb3e3e36f7/go.mod h1:l+xpFBrCtDLpK9qNjxs+cHU6+BAdlBaxHqikB6Lku3A=
github.com/getlantern/golog v0.0.0-20190830074920-4ef2e798c2d7 h1:guBYzEaLz0Vfc/jv0czrr2z7qyzTOGC9hiQ0VC+hKjk=
github.com/getlantern/golog v0.0.0-20190830074920-4ef2e798c2d7/go.mod h1:zx/1xUUeYPy3Pcmet8OSXLbF47l+3y6hIPpyLWoR9oc=
github.com/getlantern/hex v0.0.0-20190417191902-c6586a6fe0b7 h1:micT5vkcr9tOVk1FiH8SWKID8ultN44Z+yzd2y/Vyb0=
github.com/getlantern/hex v0.0.0-20190417191902-c6586a6fe0b7/go.mod h1:dD3CgOrwlzca8ed61CsZouQS5h5jIzkK9ZWrTcf0s+o=
github.com/getlantern/hidden v0.0.0-20190325191715-f02dbb02be55 h1:XYzSdCbkzOC0FDNrgJqGRo8PCMFOBFL9py72DRs7bmc=
github.com/getlantern/hidden v0.0.0-20190325191715-f02dbb02be55/go.mod h1:6mmzY2kW1TOOrVy+r41Za2MxXM+hhqTtY3oBKd2AgFA=
github.com/getlantern/ops v0.0.0-20190325191751-d70cb0d6f85f h1:wrYrQttPS8FHIRSlsrcuKazukx/xqO/PpLZzZXsF+EA=
github.com/getlantern/ops v0.0.0-20190325191751-d70cb0d6f85f/go.mod h1:D5ao98qkA6pxftxoqzibIBBrLSUli+kYnJqrgBf9cIA=
github.com/getlantern/systray v1.2.1 h1:udsC2k98v2hN359VTFShuQW6GGprRprw6kD6539JikI=
github.com/getlantern/systray v1.2.1/go.mod h1:AecygODWIsBquJCJFop8MEQcJbWFfw/1yWbVabNgpCM=
github.com/go-co-op/gocron v1.17.0 h1:IixLXsti+Qo0wMvmn6Kmjp2csk2ykpkcL+EmHmST18w=
github.com/go-co-op/gocron v1.17.0/go.mod h1:IpDBSaJOVfFw7hXZuTag3SCSkqazXBBUkbQ1m1aesBs=
github.com/go-ini/ini v1.66.4 h1:dKjMqkcbkzfddhIhyglTPgMoJnkvmG+bSLrU9cTHc5M=
github.com/go-ini/ini v1.66.4/go.mod h1:ByCAeIL28uOIIG0E3PJtZPDL8WnHpFKFOtgjp+3Ies8=
github.com/go-sqlite/sqlite3 v0.0.0-20180313105335-53dd8e640ee7 h1:ow5vK9Q/DSKkxbEIJHBST6g+buBDwdaDIyk1dGGwpQo=
github.com/go-sqlite/sqlite3 v0.0.0-20180313105335-53dd8e640ee7/go.mod h1:JxSQ+SvsjFb+p8Y+bn+GhTkiMfKVGBD0fq43ms2xw04=
github.com/go-stack/stack v1.8.0 h1:5SgMzNM5HxrEjV0ww2lTmX6E2Izsfxas4+YHWRs3Lsk=
github.com/go-stack/stack v1.8.0/go.mod h1:v0f6uXyyMGvRgIKkXu+yp6POWl0qKG85gN/melR3HDY=
github.com/go-toast/toast v0.0.0-20190211030409-01e6764cf0a4 h1:qZNfIGkIANxGv/OqtnntR4DfOY2+BgwR60cAcu/i3SE=
github.com/go-toast/toast v0.0.0-20190211030409-01e6764cf0a4/go.mod h1:kW3HQ4UdaAyrUCSSDR4xUzBKW6O2iA4uHhk7AtyYp10=
github.com/godbus/dbus v4.1.0+incompatible h1:WqqLRTsQic3apZUK9qC5sGNfXthmPXzUZ7nQPrNITa4=
github.com/godbus/dbus/v5 v5.0.6/go.mod h1:xhWf0FNVPg57R7Z0UbKHbJfkEywrmjJnf7w5xrFpKfA=
github.com/godbus/dbus/v5 v5.1.0 h1:4KLkAxT3aOY8Li4FRJe/KvhoNFFxo0m6fNuFUO8QJUk=
github.com/godbus/dbus/v5 v5.1.0/go.mod h1:xhWf0FNVPg57R7Z0UbKHbJfkEywrmjJnf7w5xrFpKfA=
github.com/gonuts/binary v0.2.0 h1:caITwMWAoQWlL0RNvv2lTU/AHqAJlVuu6nZmNgfbKW4=
github.com/gonuts/binary v0.2.0/go.mod h1:kM+CtBrCGDSKdv8WXTuCUsw+loiy8f/QEI8YCCC0M/E=
github.com/gonutz/w32/v2 v2.5.0 h1:jrVn1waNTiYzbbbJIu8+CCl87t6LkTvRTJ5wAe5wwPg=
github.com/gonutz/w32/v2 v2.5.0/go.mod h1:MgtHx0AScDVNKyB+kjyPder4xIi3XAcHS6LDDU2DmdE=
github.com/keybase/go-keychain v0.0.0-20220408132150-ad3b4a8fd4a7 h1:ttxQhWhqiYEOVLMhmhIRQnZDLmYaBJVP7goucV3FJxM=
github.com/keybase/go-keychain v0.0.0-20220408132150-ad3b4a8fd4a7/go.mod h1:enrU/ug069Om7vWxuFE6nikLI2BZNwevMiGSo43Kt5w=
github.com/nu7hatch/gouuid v0.0.0-20131221200532-179d4d0c4d8d h1:VhgPp6v9qf9Agr/56bj7Y/xa04UccTW04VP0Qed4vnQ=
github.com/nu7hatch/gouuid v0.0.0-20131221200532-179d4d0c4d8d/go.mod h1:YUTz3bUH2ZwIWBy3CJBeOBEugqcmXREj14T+iG/4k4U=
github.com/oxtoacart/bpool v0.0.0-20190530202638-03653db5a59c h1:rp5dCmg/yLR3mgFuSOe4oEnDDmGLROTvMragMUXpTQw=
github.com/oxtoacart/bpool v0.0.0-20190530202638-03653db5a59c/go.mod h1:X07ZCGwUbLaax7L0S3Tw4hpejzu63ZrrQiUe6W0hcy0=
github.com/pmezard/go-difflib v1.0.0 h1:4DBwDE0NGyQoBHbLQYPwSUPoCMWR5BEzIk/f1lZbAQM=
github.com/pmezard/go-difflib v1.0.0/go.mod h1:iKH77koFhYxTK1pcRnkKkqfTogsbg7gZNVY4sRDYZ/4=
github.com/robfig/cron/v3 v3.0.1 h1:WdRxkvbJztn8LMz/QEvLN5sBU+xKpSqwwUO1Pjr4qDs=
github.com/robfig/cron/v3 v3.0.1/go.mod h1:eQICP3HwyT7UooqI/z+Ov+PtYAWygg1TEWWzGIFLtro=
github.com/stretchr/objx v0.1.0/go.mod h1:HFkY916IF+rwdDfMAkV7OtwuqBVzrE8GR6GFx+wExME=
github.com/stretchr/testify v1.2.2/go.mod h1:a8OnRcib4nhh0OaRAV+Yts87kKdq0PP7pXfy6kDkUVs=
github.com/stretchr/testify v1.3.0/go.mod h1:M5WIy9Dh21IEIfnGCwXGc5bZfKNJtfHm1UVUgZn+9EI=
github.com/stretchr/testify v1.5.1/go.mod h1:5W2xD1RspED5o8YsWQXVCued0rvSQ+mT+I5cxcmMvtA=
github.com/stretchr/testify v1.8.0 h1:pSgiaMZlXftHpm5L7V1+rVB+AZJydKsMxsQBIJw4PKk=
github.com/tadvi/systray v0.0.0-20190226123456-11a2b8fa57af h1:6yITBqGTE2lEeTPG04SN9W+iWHCRyHqlVYILiSXziwk=
github.com/tadvi/systray v0.0.0-20190226123456-11a2b8fa57af/go.mod h1:4F09kP5F+am0jAwlQLddpoMDM+iewkxxt6nxUQ5nq5o=
github.com/zalando/go-keyring v0.2.1 h1:MBRN/Z8H4U5wEKXiD67YbDAr5cj/DOStmSga70/2qKc=
github.com/zalando/go-keyring v0.2.1/go.mod h1:g63M2PPn0w5vjmEbwAX3ib5I+41zdm4esSETOn9Y6Dw=
github.com/zellyn/kooky v0.0.0-20230814063115-d4b42194bf0b h1:PC1NpdF3TGAXnj+aIBMowu+J82GFKldtsQ8zA3j7RN8=
github.com/zellyn/kooky v0.0.0-20230814063115-d4b42194bf0b/go.mod h1:6JjIozsIKDJ2H0S0ePLIoVbhhBvI15a/oFlMYsfIsSA=
golang.org/x/crypto v0.0.0-20220408190544-5352b0902921 h1:iU7T1X1J6yxDr0rda54sWGkHgOp5XJrqm79gcNlC2VM=
golang.org/x/crypto v0.0.0-20220408190544-5352b0902921/go.mod h1:IxCIyHEi3zRg3s0A5j5BB6A9Jmi73HwBIUl50j+osU4=
golang.org/x/net v0.0.0-20180811021610-c39426892332/go.mod h1:mL1N/T3taQHkDXs73rZJwtUhF3w3ftmwwsq0BUmARs4=
golang.org/x/net v0.0.0-20220407224826-aac1ed45d8e3 h1:EN5+DfgmRMvRUrMGERW2gQl3Vc+Z7ZMnI/xdEpPSf0c=
golang.org/x/net v0.0.0-20220407224826-aac1ed45d8e3/go.mod h1:CfG3xpIq0wQ8r1q4Su4UZFWDARRcnwPjda9FqA0JpMk=
golang.org/x/sync v0.0.0-20210220032951-036812b2e83c h1:5KslGYwFpkhGh+Q16bwMP3cOontH8FOep7tGV86Y7SQ=
golang.org/x/sync v0.0.0-20210220032951-036812b2e83c/go.mod h1:RxMgew5VJxzue5/jJTE5uejpjVlOe/izrB70Jof72aM=
golang.org/x/sys v0.0.0-20200515095857-1151b9dac4a9/go.mod h1:h1NjWce9XRLGQEsW7wpKNCjG9DtNlClVuFLEZdDNbEs=
golang.org/x/sys v0.0.0-20220408201424-a24fb2fb8a0f h1:8w7RhxzTVgUzw/AH/9mUV5q0vMgy40SQRursCcfmkCw=
golang.org/x/sys v0.0.0-20220408201424-a24fb2fb8a0f/go.mod h1:oPkhp1MJrh7nUepCBck5+mAzfO9JrbApNNgaTdGDITg=
golang.org/x/sys v0.6.0/go.mod h1:oPkhp1MJrh7nUepCBck5+mAzfO9JrbApNNgaTdGDITg=
golang.org/x/sys v0.12.0 h1:CM0HF96J0hcLAwsHPJZjfdNzs0gftsLfgKt57wWHJ0o=
golang.org/x/sys v0.12.0/go.mod h1:oPkhp1MJrh7nUepCBck5+mAzfO9JrbApNNgaTdGDITg=
golang.org/x/text v0.3.0/go.mod h1:NqM8EUOU14njkJ3fqMW+pc6Ldnwhi/IjpwHt7yyuwOQ=
golang.org/x/text v0.3.7 h1:olpwvP2KacW1ZWvsR7uQhoyTYvKAupfQrRGBFM352Gk=
golang.org/x/text v0.3.7/go.mod h1:u+2+/6zg+i71rQMx5EYifcz6MCKuco9NR6JIITiCfzQ=
gopkg.in/check.v1 v0.0.0-20161208181325-20d25e280405/go.mod h1:Co6ibVJAznAaIkqp8huTwlJQCZ016jof/cbN4VW5Yz0=
gopkg.in/yaml.v2 v2.2.2/go.mod h1:hI93XBmqTisBFMUTm0b8Fm+jr3Dg1NNxqwp+5A1VGuI=
gopkg.in/yaml.v2 v2.4.0/go.mod h1:RDklbk79AGWmwhnvt/jBztapEOGDOx6ZbXqjP6csGnQ=
gopkg.in/yaml.v3 v3.0.1 h1:fxVm/GzAzEWqLHuvctI91KS9hhNmmWOoWu0XTYJS7CA=
www.velocidex.com/golang/go-ese v0.1.0 h1:LObdPh6uoAAbz50MqF4WdJHAn9+Fcr/9kyW0fMsjxlc=
